// !$*UTF8*$!
{
	archiveVersion = 1;
	classes = {
	};
	objectVersion = 46;
	objects = {

/* Begin PBXBuildFile section */
		AC0B58F814E17DF500F63F7B /* Schedule.m in Sources */ = {isa = PBXBuildFile; fileRef = AC0B58F714E17DF500F63F7B /* Schedule.m */; };
		AC0B590014E17E6100F63F7B /* Item.m in Sources */ = {isa = PBXBuildFile; fileRef = AC0B58FF14E17E6100F63F7B /* Item.m */; };
		AC33810D14EBEE910098E7EB /* Add.icns in Resources */ = {isa = PBXBuildFile; fileRef = AC33810C14EBEE910098E7EB /* Add.icns */; };
		AC3B972714E95EBA005246A8 /* Leaf.m in Sources */ = {isa = PBXBuildFile; fileRef = AC3B972614E95EB9005246A8 /* Leaf.m */; };
		AC3B972B14E95F19005246A8 /* Group.m in Sources */ = {isa = PBXBuildFile; fileRef = AC3B972A14E95F18005246A8 /* Group.m */; };
		AC3B972D14E96561005246A8 /* folder.icns in Resources */ = {isa = PBXBuildFile; fileRef = AC3B972C14E96560005246A8 /* folder.icns */; };
		AC3B973014E974CF005246A8 /* video.icns in Resources */ = {isa = PBXBuildFile; fileRef = AC3B972F14E974CF005246A8 /* video.icns */; };
		AC3B973314E97D43005246A8 /* Video.m in Sources */ = {isa = PBXBuildFile; fileRef = AC3B973214E97D41005246A8 /* Video.m */; };
		AC3B973514E97DF5005246A8 /* picture.icns in Resources */ = {isa = PBXBuildFile; fileRef = AC3B973414E97DF5005246A8 /* picture.icns */; };
		AC3B973714E9801F005246A8 /* quartz.icns in Resources */ = {isa = PBXBuildFile; fileRef = AC3B973614E9801F005246A8 /* quartz.icns */; };
		AC3B973A14E98103005246A8 /* QuartzComposition.m in Sources */ = {isa = PBXBuildFile; fileRef = AC3B973914E98102005246A8 /* QuartzComposition.m */; };
		AC3D1B3B14ED1E59008A3432 /* tb_add.tiff in Resources */ = {isa = PBXBuildFile; fileRef = AC3D1B3A14ED1E59008A3432 /* tb_add.tiff */; };
		AC3D1B3E14ED1E7D008A3432 /* tb_colors.tiff in Resources */ = {isa = PBXBuildFile; fileRef = AC3D1B3D14ED1E7D008A3432 /* tb_colors.tiff */; };
		AC3D1B4014ED202D008A3432 /* tb_publish.tiff in Resources */ = {isa = PBXBuildFile; fileRef = AC3D1B3F14ED202D008A3432 /* tb_publish.tiff */; };
		AC5463B314E676B50041E26C /* AppDelegate.m in Sources */ = {isa = PBXBuildFile; fileRef = AC5463B214E676B50041E26C /* AppDelegate.m */; };
		AC5463B714E67CD60041E26C /* PreferencesWindowController.m in Sources */ = {isa = PBXBuildFile; fileRef = AC5463B614E67CD60041E26C /* PreferencesWindowController.m */; };
		ACA7148D14ED035800DFD2EF /* SplitView.m in Sources */ = {isa = PBXBuildFile; fileRef = ACA7148C14ED035800DFD2EF /* SplitView.m */; };
		ACA84D2814DFD6E1005EA159 /* Cocoa.framework in Frameworks */ = {isa = PBXBuildFile; fileRef = ACA84D2714DFD6E1005EA159 /* Cocoa.framework */; };
		ACA84D3214DFD6E1005EA159 /* InfoPlist.strings in Resources */ = {isa = PBXBuildFile; fileRef = ACA84D3014DFD6E1005EA159 /* InfoPlist.strings */; };
		ACA84D3414DFD6E1005EA159 /* main.m in Sources */ = {isa = PBXBuildFile; fileRef = ACA84D3314DFD6E1005EA159 /* main.m */; };
		ACA84D3814DFD6E1005EA159 /* Credits.rtf in Resources */ = {isa = PBXBuildFile; fileRef = ACA84D3614DFD6E1005EA159 /* Credits.rtf */; };
		ACA84D4414DFD6E1005EA159 /* Document.xcdatamodeld in Sources */ = {isa = PBXBuildFile; fileRef = ACA84D4214DFD6E1005EA159 /* Document.xcdatamodeld */; };
		ACA84D6214DFD771005EA159 /* Content.xib in Resources */ = {isa = PBXBuildFile; fileRef = ACA84D4A14DFD771005EA159 /* Content.xib */; };
		ACA84D6314DFD771005EA159 /* ContentViewController.m in Sources */ = {isa = PBXBuildFile; fileRef = ACA84D4C14DFD771005EA159 /* ContentViewController.m */; };
		ACA84D6414DFD771005EA159 /* Document.m in Sources */ = {isa = PBXBuildFile; fileRef = ACA84D4E14DFD771005EA159 /* Document.m */; };
		ACA84D6514DFD771005EA159 /* Document.xib in Resources */ = {isa = PBXBuildFile; fileRef = ACA84D4F14DFD771005EA159 /* Document.xib */; };
		ACA84D6614DFD771005EA159 /* DocumentWindowController.m in Sources */ = {isa = PBXBuildFile; fileRef = ACA84D5114DFD771005EA159 /* DocumentWindowController.m */; };
		ACA84D6714DFD771005EA159 /* Items.xib in Resources */ = {isa = PBXBuildFile; fileRef = ACA84D5214DFD771005EA159 /* Items.xib */; };
		ACA84D6814DFD771005EA159 /* ItemsViewController.m in Sources */ = {isa = PBXBuildFile; fileRef = ACA84D5414DFD771005EA159 /* ItemsViewController.m */; };
		ACA84D6914DFD771005EA159 /* Player.xib in Resources */ = {isa = PBXBuildFile; fileRef = ACA84D5514DFD771005EA159 /* Player.xib */; };
		ACA84D6A14DFD771005EA159 /* PlayerView.m in Sources */ = {isa = PBXBuildFile; fileRef = ACA84D5714DFD771005EA159 /* PlayerView.m */; };
		ACA84D6B14DFD771005EA159 /* PlayerViewController.m in Sources */ = {isa = PBXBuildFile; fileRef = ACA84D5914DFD771005EA159 /* PlayerViewController.m */; };
		ACA84D6C14DFD771005EA159 /* Preferences.xib in Resources */ = {isa = PBXBuildFile; fileRef = ACA84D5A14DFD771005EA159 /* Preferences.xib */; };
		ACA84D6E14DFD771005EA159 /* Schedules.xib in Resources */ = {isa = PBXBuildFile; fileRef = ACA84D5D14DFD771005EA159 /* Schedules.xib */; };
		ACA84D6F14DFD771005EA159 /* SchedulesViewController.m in Sources */ = {isa = PBXBuildFile; fileRef = ACA84D5F14DFD771005EA159 /* SchedulesViewController.m */; };
		ACA84D7014DFD771005EA159 /* SplitViewController.m in Sources */ = {isa = PBXBuildFile; fileRef = ACA84D6114DFD771005EA159 /* SplitViewController.m */; };
		ACA84D7614DFD7CA005EA159 /* QuartzCore.framework in Frameworks */ = {isa = PBXBuildFile; fileRef = ACA84D7514DFD7CA005EA159 /* QuartzCore.framework */; };
		ACA84D7814DFD7D3005EA159 /* AVFoundation.framework in Frameworks */ = {isa = PBXBuildFile; fileRef = ACA84D7714DFD7D3005EA159 /* AVFoundation.framework */; };
		ACA84D7A14DFD7DD005EA159 /* CoreMedia.framework in Frameworks */ = {isa = PBXBuildFile; fileRef = ACA84D7914DFD7DD005EA159 /* CoreMedia.framework */; };
		ACA84D7C14DFD831005EA159 /* MainMenu.xib in Resources */ = {isa = PBXBuildFile; fileRef = ACA84D7B14DFD831005EA159 /* MainMenu.xib */; };
/* End PBXBuildFile section */

/* Begin PBXFileReference section */
		AC0B58F614E17DF500F63F7B /* Schedule.h */ = {isa = PBXFileReference; fileEncoding = 4; lastKnownFileType = sourcecode.c.h; path = Schedule.h; sourceTree = "<group>"; };
		AC0B58F714E17DF500F63F7B /* Schedule.m */ = {isa = PBXFileReference; fileEncoding = 4; lastKnownFileType = sourcecode.c.objc; path = Schedule.m; sourceTree = "<group>"; };
		AC0B58FE14E17E6100F63F7B /* Item.h */ = {isa = PBXFileReference; fileEncoding = 4; lastKnownFileType = sourcecode.c.h; path = Item.h; sourceTree = "<group>"; };
		AC0B58FF14E17E6100F63F7B /* Item.m */ = {isa = PBXFileReference; fileEncoding = 4; lastKnownFileType = sourcecode.c.objc; path = Item.m; sourceTree = "<group>"; };
		AC33810C14EBEE910098E7EB /* Add.icns */ = {isa = PBXFileReference; lastKnownFileType = image.icns; path = Add.icns; sourceTree = "<group>"; };
		AC3B972514E95EB9005246A8 /* Leaf.h */ = {isa = PBXFileReference; fileEncoding = 4; lastKnownFileType = sourcecode.c.h; path = Leaf.h; sourceTree = "<group>"; };
		AC3B972614E95EB9005246A8 /* Leaf.m */ = {isa = PBXFileReference; fileEncoding = 4; lastKnownFileType = sourcecode.c.objc; path = Leaf.m; sourceTree = "<group>"; };
		AC3B972914E95F18005246A8 /* Group.h */ = {isa = PBXFileReference; fileEncoding = 4; lastKnownFileType = sourcecode.c.h; path = Group.h; sourceTree = "<group>"; };
		AC3B972A14E95F18005246A8 /* Group.m */ = {isa = PBXFileReference; fileEncoding = 4; lastKnownFileType = sourcecode.c.objc; path = Group.m; sourceTree = "<group>"; };
		AC3B972C14E96560005246A8 /* folder.icns */ = {isa = PBXFileReference; lastKnownFileType = image.icns; path = folder.icns; sourceTree = "<group>"; };
		AC3B972F14E974CF005246A8 /* video.icns */ = {isa = PBXFileReference; lastKnownFileType = image.icns; path = video.icns; sourceTree = "<group>"; };
		AC3B973114E97D3F005246A8 /* Video.h */ = {isa = PBXFileReference; fileEncoding = 4; lastKnownFileType = sourcecode.c.h; path = Video.h; sourceTree = "<group>"; };
		AC3B973214E97D41005246A8 /* Video.m */ = {isa = PBXFileReference; fileEncoding = 4; lastKnownFileType = sourcecode.c.objc; path = Video.m; sourceTree = "<group>"; };
		AC3B973414E97DF5005246A8 /* picture.icns */ = {isa = PBXFileReference; lastKnownFileType = image.icns; path = picture.icns; sourceTree = "<group>"; };
		AC3B973614E9801F005246A8 /* quartz.icns */ = {isa = PBXFileReference; lastKnownFileType = image.icns; path = quartz.icns; sourceTree = "<group>"; };
		AC3B973814E98101005246A8 /* QuartzComposition.h */ = {isa = PBXFileReference; fileEncoding = 4; lastKnownFileType = sourcecode.c.h; path = QuartzComposition.h; sourceTree = "<group>"; };
		AC3B973914E98102005246A8 /* QuartzComposition.m */ = {isa = PBXFileReference; fileEncoding = 4; lastKnownFileType = sourcecode.c.objc; path = QuartzComposition.m; sourceTree = "<group>"; };
		AC3D1B3A14ED1E59008A3432 /* tb_add.tiff */ = {isa = PBXFileReference; lastKnownFileType = image.tiff; path = tb_add.tiff; sourceTree = "<group>"; };
		AC3D1B3D14ED1E7D008A3432 /* tb_colors.tiff */ = {isa = PBXFileReference; lastKnownFileType = image.tiff; path = tb_colors.tiff; sourceTree = "<group>"; };
		AC3D1B3F14ED202D008A3432 /* tb_publish.tiff */ = {isa = PBXFileReference; lastKnownFileType = image.tiff; path = tb_publish.tiff; sourceTree = "<group>"; };
		AC5463B114E676B50041E26C /* AppDelegate.h */ = {isa = PBXFileReference; fileEncoding = 4; lastKnownFileType = sourcecode.c.h; path = AppDelegate.h; sourceTree = "<group>"; };
		AC5463B214E676B50041E26C /* AppDelegate.m */ = {isa = PBXFileReference; fileEncoding = 4; lastKnownFileType = sourcecode.c.objc; path = AppDelegate.m; sourceTree = "<group>"; };
		AC5463B514E67CD60041E26C /* PreferencesWindowController.h */ = {isa = PBXFileReference; fileEncoding = 4; lastKnownFileType = sourcecode.c.h; path = PreferencesWindowController.h; sourceTree = "<group>"; };
		AC5463B614E67CD60041E26C /* PreferencesWindowController.m */ = {isa = PBXFileReference; fileEncoding = 4; lastKnownFileType = sourcecode.c.objc; path = PreferencesWindowController.m; sourceTree = "<group>"; };
		ACA7148B14ED035800DFD2EF /* SplitView.h */ = {isa = PBXFileReference; fileEncoding = 4; lastKnownFileType = sourcecode.c.h; path = SplitView.h; sourceTree = "<group>"; };
		ACA7148C14ED035800DFD2EF /* SplitView.m */ = {isa = PBXFileReference; fileEncoding = 4; lastKnownFileType = sourcecode.c.objc; path = SplitView.m; sourceTree = "<group>"; };
		ACA84D2314DFD6E0005EA159 /* Actual.app */ = {isa = PBXFileReference; explicitFileType = wrapper.application; includeInIndex = 0; path = Actual.app; sourceTree = BUILT_PRODUCTS_DIR; };
		ACA84D2714DFD6E1005EA159 /* Cocoa.framework */ = {isa = PBXFileReference; lastKnownFileType = wrapper.framework; name = Cocoa.framework; path = System/Library/Frameworks/Cocoa.framework; sourceTree = SDKROOT; };
		ACA84D2A14DFD6E1005EA159 /* AppKit.framework */ = {isa = PBXFileReference; lastKnownFileType = wrapper.framework; name = AppKit.framework; path = System/Library/Frameworks/AppKit.framework; sourceTree = SDKROOT; };
		ACA84D2B14DFD6E1005EA159 /* CoreData.framework */ = {isa = PBXFileReference; lastKnownFileType = wrapper.framework; name = CoreData.framework; path = System/Library/Frameworks/CoreData.framework; sourceTree = SDKROOT; };
		ACA84D2C14DFD6E1005EA159 /* Foundation.framework */ = {isa = PBXFileReference; lastKnownFileType = wrapper.framework; name = Foundation.framework; path = System/Library/Frameworks/Foundation.framework; sourceTree = SDKROOT; };
		ACA84D2F14DFD6E1005EA159 /* Actual-Info.plist */ = {isa = PBXFileReference; lastKnownFileType = text.plist.xml; path = "Actual-Info.plist"; sourceTree = "<group>"; };
		ACA84D3114DFD6E1005EA159 /* en */ = {isa = PBXFileReference; lastKnownFileType = text.plist.strings; name = en; path = en.lproj/InfoPlist.strings; sourceTree = "<group>"; };
		ACA84D3314DFD6E1005EA159 /* main.m */ = {isa = PBXFileReference; lastKnownFileType = sourcecode.c.objc; path = main.m; sourceTree = "<group>"; };
		ACA84D3514DFD6E1005EA159 /* Actual-Prefix.pch */ = {isa = PBXFileReference; lastKnownFileType = sourcecode.c.h; path = "Actual-Prefix.pch"; sourceTree = "<group>"; };
		ACA84D3714DFD6E1005EA159 /* en */ = {isa = PBXFileReference; lastKnownFileType = text.rtf; name = en; path = en.lproj/Credits.rtf; sourceTree = "<group>"; };
		ACA84D4314DFD6E1005EA159 /* Document.xcdatamodel */ = {isa = PBXFileReference; lastKnownFileType = wrapper.xcdatamodel; path = Document.xcdatamodel; sourceTree = "<group>"; };
		ACA84D4A14DFD771005EA159 /* Content.xib */ = {isa = PBXFileReference; fileEncoding = 4; lastKnownFileType = file.xib; path = Content.xib; sourceTree = "<group>"; };
		ACA84D4B14DFD771005EA159 /* ContentViewController.h */ = {isa = PBXFileReference; fileEncoding = 4; lastKnownFileType = sourcecode.c.h; path = ContentViewController.h; sourceTree = "<group>"; };
		ACA84D4C14DFD771005EA159 /* ContentViewController.m */ = {isa = PBXFileReference; fileEncoding = 4; lastKnownFileType = sourcecode.c.objc; path = ContentViewController.m; sourceTree = "<group>"; };
		ACA84D4D14DFD771005EA159 /* Document.h */ = {isa = PBXFileReference; fileEncoding = 4; lastKnownFileType = sourcecode.c.h; path = Document.h; sourceTree = "<group>"; };
		ACA84D4E14DFD771005EA159 /* Document.m */ = {isa = PBXFileReference; fileEncoding = 4; lastKnownFileType = sourcecode.c.objc; path = Document.m; sourceTree = "<group>"; };
		ACA84D4F14DFD771005EA159 /* Document.xib */ = {isa = PBXFileReference; fileEncoding = 4; lastKnownFileType = file.xib; path = Document.xib; sourceTree = "<group>"; };
		ACA84D5014DFD771005EA159 /* DocumentWindowController.h */ = {isa = PBXFileReference; fileEncoding = 4; lastKnownFileType = sourcecode.c.h; path = DocumentWindowController.h; sourceTree = "<group>"; };
		ACA84D5114DFD771005EA159 /* DocumentWindowController.m */ = {isa = PBXFileReference; fileEncoding = 4; lastKnownFileType = sourcecode.c.objc; path = DocumentWindowController.m; sourceTree = "<group>"; };
		ACA84D5214DFD771005EA159 /* Items.xib */ = {isa = PBXFileReference; fileEncoding = 4; lastKnownFileType = file.xib; path = Items.xib; sourceTree = "<group>"; };
		ACA84D5314DFD771005EA159 /* ItemsViewController.h */ = {isa = PBXFileReference; fileEncoding = 4; lastKnownFileType = sourcecode.c.h; path = ItemsViewController.h; sourceTree = "<group>"; };
		ACA84D5414DFD771005EA159 /* ItemsViewController.m */ = {isa = PBXFileReference; fileEncoding = 4; lastKnownFileType = sourcecode.c.objc; path = ItemsViewController.m; sourceTree = "<group>"; };
		ACA84D5514DFD771005EA159 /* Player.xib */ = {isa = PBXFileReference; fileEncoding = 4; lastKnownFileType = file.xib; path = Player.xib; sourceTree = "<group>"; };
		ACA84D5614DFD771005EA159 /* PlayerView.h */ = {isa = PBXFileReference; fileEncoding = 4; lastKnownFileType = sourcecode.c.h; path = PlayerView.h; sourceTree = "<group>"; };
		ACA84D5714DFD771005EA159 /* PlayerView.m */ = {isa = PBXFileReference; fileEncoding = 4; lastKnownFileType = sourcecode.c.objc; path = PlayerView.m; sourceTree = "<group>"; };
		ACA84D5814DFD771005EA159 /* PlayerViewController.h */ = {isa = PBXFileReference; fileEncoding = 4; lastKnownFileType = sourcecode.c.h; path = PlayerViewController.h; sourceTree = "<group>"; };
		ACA84D5914DFD771005EA159 /* PlayerViewController.m */ = {isa = PBXFileReference; fileEncoding = 4; lastKnownFileType = sourcecode.c.objc; path = PlayerViewController.m; sourceTree = "<group>"; };
		ACA84D5A14DFD771005EA159 /* Preferences.xib */ = {isa = PBXFileReference; fileEncoding = 4; lastKnownFileType = file.xib; path = Preferences.xib; sourceTree = "<group>"; };
		ACA84D5D14DFD771005EA159 /* Schedules.xib */ = {isa = PBXFileReference; fileEncoding = 4; lastKnownFileType = file.xib; path = Schedules.xib; sourceTree = "<group>"; };
		ACA84D5E14DFD771005EA159 /* SchedulesViewController.h */ = {isa = PBXFileReference; fileEncoding = 4; lastKnownFileType = sourcecode.c.h; path = SchedulesViewController.h; sourceTree = "<group>"; };
		ACA84D5F14DFD771005EA159 /* SchedulesViewController.m */ = {isa = PBXFileReference; fileEncoding = 4; lastKnownFileType = sourcecode.c.objc; path = SchedulesViewController.m; sourceTree = "<group>"; };
		ACA84D6014DFD771005EA159 /* SplitViewController.h */ = {isa = PBXFileReference; fileEncoding = 4; lastKnownFileType = sourcecode.c.h; path = SplitViewController.h; sourceTree = "<group>"; };
		ACA84D6114DFD771005EA159 /* SplitViewController.m */ = {isa = PBXFileReference; fileEncoding = 4; lastKnownFileType = sourcecode.c.objc; path = SplitViewController.m; sourceTree = "<group>"; };
		ACA84D7514DFD7CA005EA159 /* QuartzCore.framework */ = {isa = PBXFileReference; lastKnownFileType = wrapper.framework; name = QuartzCore.framework; path = ../../../../System/Library/Frameworks/QuartzCore.framework; sourceTree = "<group>"; };
		ACA84D7714DFD7D3005EA159 /* AVFoundation.framework */ = {isa = PBXFileReference; lastKnownFileType = wrapper.framework; name = AVFoundation.framework; path = ../../../../System/Library/Frameworks/AVFoundation.framework; sourceTree = "<group>"; };
		ACA84D7914DFD7DD005EA159 /* CoreMedia.framework */ = {isa = PBXFileReference; lastKnownFileType = wrapper.framework; name = CoreMedia.framework; path = ../../../../System/Library/Frameworks/CoreMedia.framework; sourceTree = "<group>"; };
		ACA84D7B14DFD831005EA159 /* MainMenu.xib */ = {isa = PBXFileReference; fileEncoding = 4; lastKnownFileType = file.xib; path = MainMenu.xib; sourceTree = "<group>"; };
/* End PBXFileReference section */

/* Begin PBXFrameworksBuildPhase section */
		ACA84D2014DFD6E0005EA159 /* Frameworks */ = {
			isa = PBXFrameworksBuildPhase;
			buildActionMask = 2147483647;
			files = (
				ACA84D2814DFD6E1005EA159 /* Cocoa.framework in Frameworks */,
				ACA84D7614DFD7CA005EA159 /* QuartzCore.framework in Frameworks */,
				ACA84D7814DFD7D3005EA159 /* AVFoundation.framework in Frameworks */,
				ACA84D7A14DFD7DD005EA159 /* CoreMedia.framework in Frameworks */,
			);
			runOnlyForDeploymentPostprocessing = 0;
		};
/* End PBXFrameworksBuildPhase section */

/* Begin PBXGroup section */
		AC3B972E14E9657F005246A8 /* Images */ = {
			isa = PBXGroup;
			children = (
				AC3D1B3F14ED202D008A3432 /* tb_publish.tiff */,
				AC3D1B3D14ED1E7D008A3432 /* tb_colors.tiff */,
				AC3D1B3A14ED1E59008A3432 /* tb_add.tiff */,
				AC33810C14EBEE910098E7EB /* Add.icns */,
				AC3B973614E9801F005246A8 /* quartz.icns */,
				AC3B973414E97DF5005246A8 /* picture.icns */,
				AC3B972F14E974CF005246A8 /* video.icns */,
				AC3B972C14E96560005246A8 /* folder.icns */,
			);
			name = Images;
			sourceTree = "<group>";
		};
		ACA84D1814DFD6E0005EA159 = {
			isa = PBXGroup;
			children = (
				ACA84D2D14DFD6E1005EA159 /* Actual */,
				ACA84D2614DFD6E0005EA159 /* Frameworks */,
				ACA84D2414DFD6E0005EA159 /* Products */,
			);
			sourceTree = "<group>";
		};
		ACA84D2414DFD6E0005EA159 /* Products */ = {
			isa = PBXGroup;
			children = (
				ACA84D2314DFD6E0005EA159 /* Actual.app */,
			);
			name = Products;
			sourceTree = "<group>";
		};
		ACA84D2614DFD6E0005EA159 /* Frameworks */ = {
			isa = PBXGroup;
			children = (
				ACA84D2714DFD6E1005EA159 /* Cocoa.framework */,
				ACA84D2914DFD6E1005EA159 /* Other Frameworks */,
			);
			name = Frameworks;
			sourceTree = "<group>";
		};
		ACA84D2914DFD6E1005EA159 /* Other Frameworks */ = {
			isa = PBXGroup;
			children = (
				ACA84D7914DFD7DD005EA159 /* CoreMedia.framework */,
				ACA84D7714DFD7D3005EA159 /* AVFoundation.framework */,
				ACA84D7514DFD7CA005EA159 /* QuartzCore.framework */,
				ACA84D2A14DFD6E1005EA159 /* AppKit.framework */,
				ACA84D2B14DFD6E1005EA159 /* CoreData.framework */,
				ACA84D2C14DFD6E1005EA159 /* Foundation.framework */,
			);
			name = "Other Frameworks";
			sourceTree = "<group>";
		};
		ACA84D2D14DFD6E1005EA159 /* Actual */ = {
			isa = PBXGroup;
			children = (
				ACA84D7F14DFD967005EA159 /* Models */,
				ACA84D8014DFD977005EA159 /* Views */,
				ACA84D8114DFD986005EA159 /* Controllers */,
				ACA84D7E14DFD954005EA159 /* Resources */,
				ACA84D2E14DFD6E1005EA159 /* Supporting Files */,
				AC5463B114E676B50041E26C /* AppDelegate.h */,
				AC5463B214E676B50041E26C /* AppDelegate.m */,
			);
			path = Actual;
			sourceTree = "<group>";
		};
		ACA84D2E14DFD6E1005EA159 /* Supporting Files */ = {
			isa = PBXGroup;
			children = (
				ACA84D2F14DFD6E1005EA159 /* Actual-Info.plist */,
				ACA84D3014DFD6E1005EA159 /* InfoPlist.strings */,
				ACA84D3314DFD6E1005EA159 /* main.m */,
				ACA84D3514DFD6E1005EA159 /* Actual-Prefix.pch */,
				ACA84D3614DFD6E1005EA159 /* Credits.rtf */,
			);
			name = "Supporting Files";
			sourceTree = "<group>";
		};
		ACA84D7E14DFD954005EA159 /* Resources */ = {
			isa = PBXGroup;
			children = (
				AC3B972E14E9657F005246A8 /* Images */,
				ACA84D7B14DFD831005EA159 /* MainMenu.xib */,
				ACA84D4A14DFD771005EA159 /* Content.xib */,
				ACA84D4F14DFD771005EA159 /* Document.xib */,
				ACA84D5214DFD771005EA159 /* Items.xib */,
				ACA84D5514DFD771005EA159 /* Player.xib */,
				ACA84D5A14DFD771005EA159 /* Preferences.xib */,
				ACA84D5D14DFD771005EA159 /* Schedules.xib */,
			);
			name = Resources;
			sourceTree = "<group>";
		};
		ACA84D7F14DFD967005EA159 /* Models */ = {
			isa = PBXGroup;
			children = (
				ACA84D4D14DFD771005EA159 /* Document.h */,
				ACA84D4E14DFD771005EA159 /* Document.m */,
				ACA84D4214DFD6E1005EA159 /* Document.xcdatamodeld */,
				AC0B58F614E17DF500F63F7B /* Schedule.h */,
				AC0B58F714E17DF500F63F7B /* Schedule.m */,
				AC0B58FE14E17E6100F63F7B /* Item.h */,
				AC0B58FF14E17E6100F63F7B /* Item.m */,
				AC3B972514E95EB9005246A8 /* Leaf.h */,
				AC3B972614E95EB9005246A8 /* Leaf.m */,
				AC3B972914E95F18005246A8 /* Group.h */,
				AC3B972A14E95F18005246A8 /* Group.m */,
				AC3B973114E97D3F005246A8 /* Video.h */,
				AC3B973214E97D41005246A8 /* Video.m */,
				AC3B973814E98101005246A8 /* QuartzComposition.h */,
				AC3B973914E98102005246A8 /* QuartzComposition.m */,
			);
			name = Models;
			sourceTree = "<group>";
		};
		ACA84D8014DFD977005EA159 /* Views */ = {
			isa = PBXGroup;
			children = (
				ACA84D5614DFD771005EA159 /* PlayerView.h */,
				ACA84D5714DFD771005EA159 /* PlayerView.m */,
				ACA7148B14ED035800DFD2EF /* SplitView.h */,
				ACA7148C14ED035800DFD2EF /* SplitView.m */,
			);
			name = Views;
			sourceTree = "<group>";
		};
		ACA84D8114DFD986005EA159 /* Controllers */ = {
			isa = PBXGroup;
			children = (
				ACA84D8314DFD9A0005EA159 /* View Controllers */,
				ACA84D8214DFD98E005EA159 /* Window Controllers */,
			);
			name = Controllers;
			sourceTree = "<group>";
		};
		ACA84D8214DFD98E005EA159 /* Window Controllers */ = {
			isa = PBXGroup;
			children = (
				ACA84D5014DFD771005EA159 /* DocumentWindowController.h */,
				ACA84D5114DFD771005EA159 /* DocumentWindowController.m */,
				AC5463B514E67CD60041E26C /* PreferencesWindowController.h */,
				AC5463B614E67CD60041E26C /* PreferencesWindowController.m */,
			);
			name = "Window Controllers";
			sourceTree = "<group>";
		};
		ACA84D8314DFD9A0005EA159 /* View Controllers */ = {
			isa = PBXGroup;
			children = (
				ACA84D4B14DFD771005EA159 /* ContentViewController.h */,
				ACA84D4C14DFD771005EA159 /* ContentViewController.m */,
				ACA84D5314DFD771005EA159 /* ItemsViewController.h */,
				ACA84D5414DFD771005EA159 /* ItemsViewController.m */,
				ACA84D5814DFD771005EA159 /* PlayerViewController.h */,
				ACA84D5914DFD771005EA159 /* PlayerViewController.m */,
				ACA84D5E14DFD771005EA159 /* SchedulesViewController.h */,
				ACA84D5F14DFD771005EA159 /* SchedulesViewController.m */,
				ACA84D6014DFD771005EA159 /* SplitViewController.h */,
				ACA84D6114DFD771005EA159 /* SplitViewController.m */,
			);
			name = "View Controllers";
			sourceTree = "<group>";
		};
/* End PBXGroup section */

/* Begin PBXNativeTarget section */
		ACA84D2214DFD6E0005EA159 /* Actual */ = {
			isa = PBXNativeTarget;
			buildConfigurationList = ACA84D4714DFD6E1005EA159 /* Build configuration list for PBXNativeTarget "Actual" */;
			buildPhases = (
				ACA84D1F14DFD6E0005EA159 /* Sources */,
				ACA84D2014DFD6E0005EA159 /* Frameworks */,
				ACA84D2114DFD6E0005EA159 /* Resources */,
			);
			buildRules = (
			);
			dependencies = (
			);
			name = Actual;
			productName = Actual;
			productReference = ACA84D2314DFD6E0005EA159 /* Actual.app */;
			productType = "com.apple.product-type.application";
		};
/* End PBXNativeTarget section */

/* Begin PBXProject section */
		ACA84D1A14DFD6E0005EA159 /* Project object */ = {
			isa = PBXProject;
			attributes = {
				LastUpgradeCheck = 0420;
			};
			buildConfigurationList = ACA84D1D14DFD6E0005EA159 /* Build configuration list for PBXProject "Actual" */;
			compatibilityVersion = "Xcode 3.2";
			developmentRegion = English;
			hasScannedForEncodings = 0;
			knownRegions = (
				en,
			);
			mainGroup = ACA84D1814DFD6E0005EA159;
			productRefGroup = ACA84D2414DFD6E0005EA159 /* Products */;
			projectDirPath = "";
			projectRoot = "";
			targets = (
				ACA84D2214DFD6E0005EA159 /* Actual */,
			);
		};
/* End PBXProject section */

/* Begin PBXResourcesBuildPhase section */
		ACA84D2114DFD6E0005EA159 /* Resources */ = {
			isa = PBXResourcesBuildPhase;
			buildActionMask = 2147483647;
			files = (
				ACA84D3214DFD6E1005EA159 /* InfoPlist.strings in Resources */,
				ACA84D3814DFD6E1005EA159 /* Credits.rtf in Resources */,
				ACA84D6214DFD771005EA159 /* Content.xib in Resources */,
				ACA84D6514DFD771005EA159 /* Document.xib in Resources */,
				ACA84D6714DFD771005EA159 /* Items.xib in Resources */,
				ACA84D6914DFD771005EA159 /* Player.xib in Resources */,
				ACA84D6C14DFD771005EA159 /* Preferences.xib in Resources */,
				ACA84D6E14DFD771005EA159 /* Schedules.xib in Resources */,
				ACA84D7C14DFD831005EA159 /* MainMenu.xib in Resources */,
				AC3B972D14E96561005246A8 /* folder.icns in Resources */,
				AC3B973014E974CF005246A8 /* video.icns in Resources */,
				AC3B973514E97DF5005246A8 /* picture.icns in Resources */,
				AC3B973714E9801F005246A8 /* quartz.icns in Resources */,
				AC33810D14EBEE910098E7EB /* Add.icns in Resources */,
				AC3D1B3B14ED1E59008A3432 /* tb_add.tiff in Resources */,
				AC3D1B3E14ED1E7D008A3432 /* tb_colors.tiff in Resources */,
				AC3D1B4014ED202D008A3432 /* tb_publish.tiff in Resources */,
			);
			runOnlyForDeploymentPostprocessing = 0;
		};
/* End PBXResourcesBuildPhase section */

/* Begin PBXSourcesBuildPhase section */
		ACA84D1F14DFD6E0005EA159 /* Sources */ = {
			isa = PBXSourcesBuildPhase;
			buildActionMask = 2147483647;
			files = (
				ACA84D3414DFD6E1005EA159 /* main.m in Sources */,
				ACA84D4414DFD6E1005EA159 /* Document.xcdatamodeld in Sources */,
				ACA84D6314DFD771005EA159 /* ContentViewController.m in Sources */,
				ACA84D6414DFD771005EA159 /* Document.m in Sources */,
				ACA84D6614DFD771005EA159 /* DocumentWindowController.m in Sources */,
				ACA84D6814DFD771005EA159 /* ItemsViewController.m in Sources */,
				ACA84D6A14DFD771005EA159 /* PlayerView.m in Sources */,
				ACA84D6B14DFD771005EA159 /* PlayerViewController.m in Sources */,
				ACA84D6F14DFD771005EA159 /* SchedulesViewController.m in Sources */,
				ACA84D7014DFD771005EA159 /* SplitViewController.m in Sources */,
				AC0B58F814E17DF500F63F7B /* Schedule.m in Sources */,
				AC0B590014E17E6100F63F7B /* Item.m in Sources */,
				AC5463B314E676B50041E26C /* AppDelegate.m in Sources */,
				AC5463B714E67CD60041E26C /* PreferencesWindowController.m in Sources */,
				AC3B972714E95EBA005246A8 /* Leaf.m in Sources */,
				AC3B972B14E95F19005246A8 /* Group.m in Sources */,
				AC3B973314E97D43005246A8 /* Video.m in Sources */,
				AC3B973A14E98103005246A8 /* QuartzComposition.m in Sources */,
				ACA7148D14ED035800DFD2EF /* SplitView.m in Sources */,
			);
			runOnlyForDeploymentPostprocessing = 0;
		};
/* End PBXSourcesBuildPhase section */

/* Begin PBXVariantGroup section */
		ACA84D3014DFD6E1005EA159 /* InfoPlist.strings */ = {
			isa = PBXVariantGroup;
			children = (
				ACA84D3114DFD6E1005EA159 /* en */,
			);
			name = InfoPlist.strings;
			sourceTree = "<group>";
		};
		ACA84D3614DFD6E1005EA159 /* Credits.rtf */ = {
			isa = PBXVariantGroup;
			children = (
				ACA84D3714DFD6E1005EA159 /* en */,
			);
			name = Credits.rtf;
			sourceTree = "<group>";
		};
/* End PBXVariantGroup section */

/* Begin XCBuildConfiguration section */
		ACA84D4514DFD6E1005EA159 /* Debug */ = {
			isa = XCBuildConfiguration;
			buildSettings = {
				ALWAYS_SEARCH_USER_PATHS = NO;
				ARCHS = "$(ARCHS_STANDARD_64_BIT)";
				CLANG_ENABLE_OBJC_ARC = YES;
				COPY_PHASE_STRIP = NO;
				GCC_C_LANGUAGE_STANDARD = gnu99;
				GCC_DYNAMIC_NO_PIC = NO;
				GCC_ENABLE_OBJC_EXCEPTIONS = YES;
				GCC_OPTIMIZATION_LEVEL = 0;
				GCC_PREPROCESSOR_DEFINITIONS = (
					"DEBUG=1",
					"$(inherited)",
				);
				GCC_SYMBOLS_PRIVATE_EXTERN = NO;
				GCC_VERSION = com.apple.compilers.llvm.clang.1_0;
				GCC_WARN_64_TO_32_BIT_CONVERSION = YES;
				GCC_WARN_ABOUT_MISSING_PROTOTYPES = YES;
				GCC_WARN_ABOUT_RETURN_TYPE = YES;
				GCC_WARN_UNUSED_VARIABLE = YES;
				MACOSX_DEPLOYMENT_TARGET = 10.7;
				ONLY_ACTIVE_ARCH = YES;
				SDKROOT = macosx;
			};
			name = Debug;
		};
		ACA84D4614DFD6E1005EA159 /* Release */ = {
			isa = XCBuildConfiguration;
			buildSettings = {
				ALWAYS_SEARCH_USER_PATHS = NO;
				ARCHS = "$(ARCHS_STANDARD_64_BIT)";
				CLANG_ENABLE_OBJC_ARC = YES;
				COPY_PHASE_STRIP = YES;
				DEBUG_INFORMATION_FORMAT = "dwarf-with-dsym";
				GCC_C_LANGUAGE_STANDARD = gnu99;
				GCC_ENABLE_OBJC_EXCEPTIONS = YES;
				GCC_VERSION = com.apple.compilers.llvm.clang.1_0;
				GCC_WARN_64_TO_32_BIT_CONVERSION = YES;
				GCC_WARN_ABOUT_MISSING_PROTOTYPES = YES;
				GCC_WARN_ABOUT_RETURN_TYPE = YES;
				GCC_WARN_UNUSED_VARIABLE = YES;
				MACOSX_DEPLOYMENT_TARGET = 10.7;
				SDKROOT = macosx;
			};
			name = Release;
		};
		ACA84D4814DFD6E1005EA159 /* Debug */ = {
			isa = XCBuildConfiguration;
			buildSettings = {
				FRAMEWORK_SEARCH_PATHS = (
					"$(inherited)",
					"\"$(SRCROOT)\"",
				);
				GCC_PRECOMPILE_PREFIX_HEADER = YES;
				GCC_PREFIX_HEADER = "Actual/Actual-Prefix.pch";
				INFOPLIST_FILE = "Actual/Actual-Info.plist";
				PRODUCT_NAME = "$(TARGET_NAME)";
				WRAPPER_EXTENSION = app;
			};
			name = Debug;
		};
		ACA84D4914DFD6E1005EA159 /* Release */ = {
			isa = XCBuildConfiguration;
			buildSettings = {
				FRAMEWORK_SEARCH_PATHS = (
					"$(inherited)",
					"\"$(SRCROOT)\"",
				);
				GCC_PRECOMPILE_PREFIX_HEADER = YES;
				GCC_PREFIX_HEADER = "Actual/Actual-Prefix.pch";
				INFOPLIST_FILE = "Actual/Actual-Info.plist";
				PRODUCT_NAME = "$(TARGET_NAME)";
				WRAPPER_EXTENSION = app;
			};
			name = Release;
		};
/* End XCBuildConfiguration section */

/* Begin XCConfigurationList section */
		ACA84D1D14DFD6E0005EA159 /* Build configuration list for PBXProject "Actual" */ = {
			isa = XCConfigurationList;
			buildConfigurations = (
				ACA84D4514DFD6E1005EA159 /* Debug */,
				ACA84D4614DFD6E1005EA159 /* Release */,
			);
			defaultConfigurationIsVisible = 0;
			defaultConfigurationName = Release;
		};
		ACA84D4714DFD6E1005EA159 /* Build configuration list for PBXNativeTarget "Actual" */ = {
			isa = XCConfigurationList;
			buildConfigurations = (
				ACA84D4814DFD6E1005EA159 /* Debug */,
				ACA84D4914DFD6E1005EA159 /* Release */,
			);
			defaultConfigurationIsVisible = 0;
			defaultConfigurationName = Release;
		};
/* End XCConfigurationList section */

/* Begin XCVersionGroup section */
		ACA84D4214DFD6E1005EA159 /* Document.xcdatamodeld */ = {
			isa = XCVersionGroup;
			children = (
				ACA84D4314DFD6E1005EA159 /* Document.xcdatamodel */,
			);
			currentVersion = ACA84D4314DFD6E1005EA159 /* Document.xcdatamodel */;
			path = Document.xcdatamodeld;
			sourceTree = "<group>";
			versionGroupType = wrapper.xcdatamodel;
		};
/* End XCVersionGroup section */
	};
	rootObject = ACA84D1A14DFD6E0005EA159 /* Project object */;
}
